<?xml version="1.0" encoding="utf-8"?>
<Project ToolsVersion="4.0" xmlns="http://schemas.microsoft.com/developer/msbuild/2003">
  <ItemGroup>
    <Filter Include="소스 파일">
      <UniqueIdentifier>{4FC737F1-C7A5-4376-A066-2A32D752A2FF}</UniqueIdentifier>
      <Extensions>cpp;c;cc;cxx;def;odl;idl;hpj;bat;asm;asmx</Extensions>
    </Filter>
    <Filter Include="리소스 파일">
      <UniqueIdentifier>{67DA6AB6-F800-4c08-8B7A-83BB121AAD01}</UniqueIdentifier>
      <Extensions>rc;ico;cur;bmp;dlg;rc2;rct;bin;rgs;gif;jpg;jpeg;jpe;resx;tiff;tif;png;wav;mfcribbon-ms</Extensions>
    </Filter>
    <Filter Include="소스 파일\GLFramework">
      <UniqueIdentifier>{ab18ebe1-7844-4750-857f-c9638505faff}</UniqueIdentifier>
    </Filter>
    <Filter Include="소스 파일\main">
      <UniqueIdentifier>{8340a9d7-edf5-4f41-9d35-6efca8186f08}</UniqueIdentifier>
    </Filter>
    <Filter Include="소스 파일\GLFramework\Scene">
      <UniqueIdentifier>{a80cfad3-2e7d-4597-a765-434064c81386}</UniqueIdentifier>
    </Filter>
    <Filter Include="소스 파일\Vector3D">
      <UniqueIdentifier>{fce4f147-7546-4645-999d-2424d9e5ef4f}</UniqueIdentifier>
    </Filter>
    <Filter Include="소스 파일\Mediator">
      <UniqueIdentifier>{caf245db-854e-46f8-8e7d-a90c57fd5116}</UniqueIdentifier>
    </Filter>
    <Filter Include="소스 파일\Colleague">
      <UniqueIdentifier>{9221adbf-0844-4308-9adc-6686e31f2c4a}</UniqueIdentifier>
    </Filter>
    <Filter Include="소스 파일\Colleague\Road">
      <UniqueIdentifier>{4b31c3d6-ebb1-4d12-85cc-85027509c872}</UniqueIdentifier>
    </Filter>
    <Filter Include="소스 파일\Colleague\Camera">
      <UniqueIdentifier>{05189fed-5f1b-4f04-aa51-19db54497a0e}</UniqueIdentifier>
    </Filter>
    <Filter Include="소스 파일\Obj">
      <UniqueIdentifier>{b11b9882-ac81-4f59-a0f5-e4bf18e6de5a}</UniqueIdentifier>
    </Filter>
    <Filter Include="소스 파일\Obj\ObjFace">
      <UniqueIdentifier>{1a23ba4d-27cd-421a-9028-5be161ec70c6}</UniqueIdentifier>
    </Filter>
    <Filter Include="소스 파일\Obj\ObjVertex">
      <UniqueIdentifier>{508f1796-0d08-42a9-b684-4c32e3904ede}</UniqueIdentifier>
    </Filter>
    <Filter Include="소스 파일\Obj\ObjModel">
      <UniqueIdentifier>{693889c6-6244-457a-90da-42147949f26e}</UniqueIdentifier>
    </Filter>
    <Filter Include="소스 파일\Colleague\Earth">
      <UniqueIdentifier>{c8e6adc9-4bdb-4c67-8f61-df72d5aff937}</UniqueIdentifier>
    </Filter>
    <Filter Include="소스 파일\Colleague\Moon">
      <UniqueIdentifier>{94a5306b-6b55-4878-91c4-9ad086f20612}</UniqueIdentifier>
    </Filter>
    <Filter Include="소스 파일\SoundManager">
      <UniqueIdentifier>{7f80c40f-4838-4681-8c49-425d46b99e81}</UniqueIdentifier>
    </Filter>
    <Filter Include="소스 파일\Obj\Texture">
      <UniqueIdentifier>{4b807b19-bb2f-4ffc-92b9-2a86523c2bdc}</UniqueIdentifier>
    </Filter>
    <Filter Include="소스 파일\Lighting">
      <UniqueIdentifier>{4d3a7e83-06f2-471d-9204-b2e7d5146902}</UniqueIdentifier>
    </Filter>
    <Filter Include="소스 파일\GLFramework\Scene\Game">
      <UniqueIdentifier>{857a72b4-25db-465e-9afb-cd368176b0d4}</UniqueIdentifier>
    </Filter>
    <Filter Include="소스 파일\GLFramework\Scene\Main">
      <UniqueIdentifier>{612d5732-4a89-4ef1-b34c-5c63bcf50cd6}</UniqueIdentifier>
    </Filter>
    <Filter Include="소스 파일\GLFramework\Scene\Test">
      <UniqueIdentifier>{f47d3332-19e9-4669-a7e9-67a30a62a640}</UniqueIdentifier>
    </Filter>
    <Filter Include="소스 파일\Colleague\Word">
      <UniqueIdentifier>{c284c672-0942-4f79-8326-02161871e0d3}</UniqueIdentifier>
    </Filter>
    <Filter Include="소스 파일\Colleague\Word\PLAY">
      <UniqueIdentifier>{e0c183f0-f991-4b13-b715-70317c9fc473}</UniqueIdentifier>
    </Filter>
    <Filter Include="소스 파일\Colleague\Word\EXIT">
      <UniqueIdentifier>{2170e337-faf2-4d22-8226-5e81e8713e38}</UniqueIdentifier>
    </Filter>
    <Filter Include="소스 파일\GLFramework\Scene\Gameover">
      <UniqueIdentifier>{5055bdde-f01b-45e7-b1fb-b99378f7a5c3}</UniqueIdentifier>
    </Filter>
    <Filter Include="소스 파일\GLFramework\Scene\GameClear">
      <UniqueIdentifier>{f9b1b303-b896-472e-a8ce-d3c586936123}</UniqueIdentifier>
    </Filter>
    <Filter Include="소스 파일\Skybox">
      <UniqueIdentifier>{fb4479aa-301c-4a70-ae8f-c6c8d7472971}</UniqueIdentifier>
    </Filter>
    <Filter Include="헤더 파일">
      <UniqueIdentifier>{93995380-89BD-4b04-88EB-625FBE52EBFB}</UniqueIdentifier>
      <Extensions>h;hh;hpp;hxx;hm;inl;inc;xsd</Extensions>
    </Filter>
    <Filter Include="소스 파일\Colleague\Word\GAMEOVER">
      <UniqueIdentifier>{07ed6f2a-6d72-4c5d-9e13-0561fe7d13a1}</UniqueIdentifier>
    </Filter>
    <Filter Include="소스 파일\Colleague\Word\GAMECLEAR">
      <UniqueIdentifier>{29190dd2-b037-4b5d-aea3-d5f7e0339f96}</UniqueIdentifier>
    </Filter>
    <Filter Include="소스 파일\Colleague\ClearObj">
      <UniqueIdentifier>{efdb6548-ecd7-46ba-9730-41b18310fdf9}</UniqueIdentifier>
    </Filter>
    <Filter Include="소스 파일\Player">
      <UniqueIdentifier>{f40500c5-b1a2-4703-9248-12520fe80484}</UniqueIdentifier>
    </Filter>
    <Filter Include="소스 파일\Player\PlayerSkin">
      <UniqueIdentifier>{bb3acb73-d47c-4d5b-b4eb-40aff7849bf8}</UniqueIdentifier>
    </Filter>
    <Filter Include="소스 파일\Player\PlayerSkin\Abstract">
      <UniqueIdentifier>{1d670363-958c-44e5-943f-b136166318f6}</UniqueIdentifier>
    </Filter>
    <Filter Include="소스 파일\Player\Property">
      <UniqueIdentifier>{36eacb1d-0e9c-4a89-9607-24a733b3cae3}</UniqueIdentifier>
    </Filter>
    <Filter Include="소스 파일\GLFramework\Scene\Abstract">
      <UniqueIdentifier>{f89d5557-95ae-42c3-9760-00dcf6877987}</UniqueIdentifier>
    </Filter>
    <Filter Include="소스 파일\GLFramework\Scene\Loading">
      <UniqueIdentifier>{3bfab06f-f278-40ae-87a2-e384a53bb837}</UniqueIdentifier>
    </Filter>
    <Filter Include="소스 파일\Colleague\Item">
      <UniqueIdentifier>{65dc07d0-4ca3-440a-9c34-44873a7cb74d}</UniqueIdentifier>
    </Filter>
    <Filter Include="소스 파일\Player\PlayerSkin\Basic">
      <UniqueIdentifier>{b7663889-d83a-420c-a833-c77b8467cee8}</UniqueIdentifier>
    </Filter>
    <Filter Include="소스 파일\Player\PlayerSkin\Devil">
      <UniqueIdentifier>{3ae9a597-9f29-4e61-8f5a-ac71aa8904b6}</UniqueIdentifier>
    </Filter>
    <Filter Include="소스 파일\Player\PlayerSkin\Engel">
      <UniqueIdentifier>{bb488e51-4a6c-4eb4-986b-13f6469e207a}</UniqueIdentifier>
    </Filter>
    <Filter Include="소스 파일\Player\PlayerSkin\Robot">
      <UniqueIdentifier>{96dc2103-55db-496f-a7bb-996d01a2bcd5}</UniqueIdentifier>
    </Filter>
    <Filter Include="소스 파일\Player\PlayerSkin\Spacesuit">
      <UniqueIdentifier>{68526a74-fbe2-42c0-99f0-4c5753f063e6}</UniqueIdentifier>
    </Filter>
    <Filter Include="소스 파일\Player\PlayerSkin\Suit">
      <UniqueIdentifier>{6e687f2d-8860-45eb-922b-22b893374723}</UniqueIdentifier>
    </Filter>
    <Filter Include="소스 파일\Player\PlayerState">
      <UniqueIdentifier>{48e91b78-669e-4f42-8dac-1483ee636abb}</UniqueIdentifier>
    </Filter>
    <Filter Include="소스 파일\Player\PlayerState\Abstract">
      <UniqueIdentifier>{c01faf57-992a-43ee-aba7-7325b36896da}</UniqueIdentifier>
    </Filter>
    <Filter Include="소스 파일\Player\PlayerState\Dead">
      <UniqueIdentifier>{730cf5df-3bca-4611-b3dd-d84a263dace0}</UniqueIdentifier>
    </Filter>
    <Filter Include="소스 파일\Player\PlayerState\Fall">
      <UniqueIdentifier>{f7142721-7038-4333-8b8a-b74de6eaccba}</UniqueIdentifier>
    </Filter>
    <Filter Include="소스 파일\Player\PlayerState\Waiting">
      <UniqueIdentifier>{43510c29-29ae-4179-ada3-bf15dc12dbba}</UniqueIdentifier>
    </Filter>
    <Filter Include="소스 파일\Player\PlayerState\Jump">
      <UniqueIdentifier>{b3b1f6ec-608d-4752-bf16-0be0efd1fe05}</UniqueIdentifier>
    </Filter>
    <Filter Include="소스 파일\Player\PlayerState\Jump\Abstract">
      <UniqueIdentifier>{daecdb01-9f08-4011-b64c-64fc6c68afaf}</UniqueIdentifier>
    </Filter>
  </ItemGroup>
  <ItemGroup>
    <ClCompile Include="GLFramework.cpp">
      <Filter>소스 파일\GLFramework</Filter>
    </ClCompile>
    <ClCompile Include="main.cpp">
      <Filter>소스 파일\main</Filter>
    </ClCompile>
    <ClCompile Include="pch.cpp">
      <Filter>소스 파일\main</Filter>
    </ClCompile>
    <ClCompile Include="Matrix.cpp">
      <Filter>소스 파일</Filter>
    </ClCompile>
    <ClCompile Include="FootBoard.cpp">
      <Filter>소스 파일\Colleague\Road</Filter>
    </ClCompile>
    <ClCompile Include="Road.cpp">
      <Filter>소스 파일\Colleague\Road</Filter>
    </ClCompile>
    <ClCompile Include="Camera.cpp">
      <Filter>소스 파일\Colleague\Camera</Filter>
    </ClCompile>
    <ClCompile Include="MyRGB.cpp">
      <Filter>소스 파일</Filter>
    </ClCompile>
    <ClCompile Include="Mediator.cpp">
      <Filter>소스 파일\Mediator</Filter>
    </ClCompile>
    <ClCompile Include="Player.cpp">
      <Filter>소스 파일\Player</Filter>
    </ClCompile>
    <ClCompile Include="ObjFace.cpp">
      <Filter>소스 파일\Obj\ObjFace</Filter>
    </ClCompile>
    <ClCompile Include="ObjVertex.cpp">
      <Filter>소스 파일\Obj\ObjVertex</Filter>
    </ClCompile>
    <ClCompile Include="ObjModel.cpp">
      <Filter>소스 파일\Obj\ObjModel</Filter>
    </ClCompile>
    <ClCompile Include="Colleague.cpp">
      <Filter>소스 파일\Colleague</Filter>
    </ClCompile>
    <ClCompile Include="Moon.cpp">
      <Filter>소스 파일\Colleague\Moon</Filter>
    </ClCompile>
    <ClCompile Include="Earth.cpp">
      <Filter>소스 파일\Colleague\Earth</Filter>
    </ClCompile>
    <ClCompile Include="PLAY_word.cpp">
      <Filter>소스 파일\Colleague\Word\PLAY</Filter>
    </ClCompile>
    <ClCompile Include="EXIT_word.cpp">
      <Filter>소스 파일\Colleague\Word\EXIT</Filter>
    </ClCompile>
    <ClCompile Include="Lighting.cpp">
      <Filter>소스 파일\Lighting</Filter>
    </ClCompile>
    <ClCompile Include="TextureStorage.cpp">
      <Filter>소스 파일\Obj\Texture</Filter>
    </ClCompile>
    <ClCompile Include="Texture.cpp">
      <Filter>소스 파일\Obj\Texture</Filter>
    </ClCompile>
    <ClCompile Include="GameScene.cpp">
      <Filter>소스 파일\GLFramework\Scene\Game</Filter>
    </ClCompile>
    <ClCompile Include="MainScene.cpp">
      <Filter>소스 파일\GLFramework\Scene\Main</Filter>
    </ClCompile>
    <ClCompile Include="TestScene.cpp">
      <Filter>소스 파일\GLFramework\Scene\Test</Filter>
    </ClCompile>
    <ClCompile Include="SceneManager.cpp">
      <Filter>소스 파일\Mediator</Filter>
    </ClCompile>
    <ClCompile Include="GameClear.cpp">
      <Filter>소스 파일\GLFramework\Scene\GameClear</Filter>
    </ClCompile>
    <ClCompile Include="Gameover.cpp">
      <Filter>소스 파일\GLFramework\Scene\Gameover</Filter>
    </ClCompile>
    <ClCompile Include="Skybox.cpp">
      <Filter>소스 파일\Skybox</Filter>
    </ClCompile>
    <ClCompile Include="Star.cpp">
      <Filter>소스 파일\Skybox</Filter>
    </ClCompile>
    <ClCompile Include="GAMEOVER_word.cpp">
      <Filter>소스 파일\Colleague\Word\GAMEOVER</Filter>
    </ClCompile>
    <ClCompile Include="GAMECLEAR_word.cpp">
      <Filter>소스 파일\Colleague\Word\GAMECLEAR</Filter>
    </ClCompile>
    <ClCompile Include="SoundManager.cpp">
      <Filter>소스 파일\SoundManager</Filter>
    </ClCompile>
    <ClCompile Include="ClearObject.cpp">
      <Filter>소스 파일\Colleague\ClearObj</Filter>
    </ClCompile>
    <ClCompile Include="PlayerState.cpp">
      <Filter>소스 파일\Player\PlayerState\Abstract</Filter>
    </ClCompile>
    <ClCompile Include="PlayerSkin.cpp">
      <Filter>소스 파일\Player\PlayerSkin\Abstract</Filter>
    </ClCompile>
    <ClCompile Include="JumpProperty.cpp">
      <Filter>소스 파일\Player\Property</Filter>
    </ClCompile>
    <ClCompile Include="Dead.cpp">
      <Filter>소스 파일\Player\PlayerState\Dead</Filter>
    </ClCompile>
    <ClCompile Include="Fall.cpp">
      <Filter>소스 파일\Player\PlayerState\Fall</Filter>
    </ClCompile>
    <ClCompile Include="Waiting.cpp">
      <Filter>소스 파일\Player\PlayerState\Waiting</Filter>
    </ClCompile>
    <ClCompile Include="FrontJump.cpp">
      <Filter>소스 파일\Player\PlayerState\Jump</Filter>
    </ClCompile>
    <ClCompile Include="LeftJump.cpp">
      <Filter>소스 파일\Player\PlayerState\Jump</Filter>
    </ClCompile>
    <ClCompile Include="RightJump.cpp">
      <Filter>소스 파일\Player\PlayerState\Jump</Filter>
    </ClCompile>
    <ClCompile Include="Scene.cpp">
      <Filter>소스 파일\GLFramework\Scene\Abstract</Filter>
    </ClCompile>
    <ClCompile Include="Jump.cpp">
      <Filter>소스 파일\Player\PlayerState\Jump\Abstract</Filter>
    </ClCompile>
    <ClCompile Include="PlayerNotification.cpp">
      <Filter>소스 파일\Mediator</Filter>
    </ClCompile>
    <ClCompile Include="Basic.cpp">
      <Filter>소스 파일\Player\PlayerSkin\Basic</Filter>
    </ClCompile>
    <ClCompile Include="Devil.cpp">
      <Filter>소스 파일\Player\PlayerSkin\Devil</Filter>
    </ClCompile>
    <ClCompile Include="Engel.cpp">
      <Filter>소스 파일\Player\PlayerSkin\Engel</Filter>
    </ClCompile>
    <ClCompile Include="Robot.cpp">
      <Filter>소스 파일\Player\PlayerSkin\Robot</Filter>
    </ClCompile>
    <ClCompile Include="Spacesuit.cpp">
      <Filter>소스 파일\Player\PlayerSkin\Spacesuit</Filter>
    </ClCompile>
    <ClCompile Include="Suit.cpp">
      <Filter>소스 파일\Player\PlayerSkin\Suit</Filter>
    </ClCompile>
  </ItemGroup>
  <ItemGroup>
    <ClInclude Include="GLFramework.h">
      <Filter>소스 파일\GLFramework</Filter>
    </ClInclude>
    <ClInclude Include="pch.h">
      <Filter>소스 파일\main</Filter>
    </ClInclude>
    <ClInclude Include="FootBoard.h">
      <Filter>소스 파일\Colleague\Road</Filter>
    </ClInclude>
    <ClInclude Include="Road.h">
      <Filter>소스 파일\Colleague\Road</Filter>
    </ClInclude>
    <ClInclude Include="Camera.h">
      <Filter>소스 파일\Colleague\Camera</Filter>
    </ClInclude>
    <ClInclude Include="MyRGB.h">
      <Filter>헤더 파일</Filter>
    </ClInclude>
    <ClInclude Include="Mediator.h">
      <Filter>소스 파일\Mediator</Filter>
    </ClInclude>
    <ClInclude Include="Player.h">
      <Filter>소스 파일\Player</Filter>
    </ClInclude>
    <ClInclude Include="ObjFace.h">
      <Filter>소스 파일\Obj\ObjFace</Filter>
    </ClInclude>
    <ClInclude Include="ObjVertex.h">
      <Filter>소스 파일\Obj\ObjVertex</Filter>
    </ClInclude>
    <ClInclude Include="ObjModel.h">
      <Filter>소스 파일\Obj\ObjModel</Filter>
    </ClInclude>
    <ClInclude Include="Colleague.h">
      <Filter>소스 파일\Colleague</Filter>
    </ClInclude>
    <ClInclude Include="Moon.h">
      <Filter>소스 파일\Colleague\Moon</Filter>
    </ClInclude>
    <ClInclude Include="Earth.h">
      <Filter>소스 파일\Colleague\Earth</Filter>
    </ClInclude>
    <ClInclude Include="PLAY_word.h">
      <Filter>소스 파일\Colleague\Word\PLAY</Filter>
    </ClInclude>
    <ClInclude Include="EXIT_word.h">
      <Filter>소스 파일\Colleague\Word\EXIT</Filter>
    </ClInclude>
    <ClInclude Include="Lighting.h">
      <Filter>소스 파일\Lighting</Filter>
    </ClInclude>
    <ClInclude Include="TextureStorage.h">
      <Filter>소스 파일\Obj\Texture</Filter>
    </ClInclude>
    <ClInclude Include="Texture.h">
      <Filter>소스 파일\Obj\Texture</Filter>
    </ClInclude>
    <ClInclude Include="GameScene.h">
      <Filter>소스 파일\GLFramework\Scene\Game</Filter>
    </ClInclude>
    <ClInclude Include="MainScene.h">
      <Filter>소스 파일\GLFramework\Scene\Main</Filter>
    </ClInclude>
    <ClInclude Include="TestScene.h">
      <Filter>소스 파일\GLFramework\Scene\Test</Filter>
    </ClInclude>
    <ClInclude Include="SceneManager.h">
      <Filter>소스 파일\Mediator</Filter>
    </ClInclude>
    <ClInclude Include="Gameover.h">
      <Filter>소스 파일\GLFramework\Scene\Gameover</Filter>
    </ClInclude>
    <ClInclude Include="GameClear.h">
      <Filter>소스 파일\GLFramework\Scene\GameClear</Filter>
    </ClInclude>
    <ClInclude Include="Skybox.h">
      <Filter>소스 파일\Skybox</Filter>
    </ClInclude>
    <ClInclude Include="Star.h">
      <Filter>소스 파일\Skybox</Filter>
    </ClInclude>
    <ClInclude Include="GAMEOVER_word.h">
      <Filter>소스 파일\Colleague\Word\GAMEOVER</Filter>
    </ClInclude>
    <ClInclude Include="GAMECLEAR_word.h">
      <Filter>소스 파일\Colleague\Word\GAMECLEAR</Filter>
    </ClInclude>
    <ClInclude Include="SoundManager.h">
      <Filter>소스 파일\SoundManager</Filter>
    </ClInclude>
    <ClInclude Include="ClearObject.h">
      <Filter>소스 파일\Colleague\ClearObj</Filter>
    </ClInclude>
    <ClInclude Include="Vector3D - 복사본.hpp">
      <Filter>소스 파일\Vector3D</Filter>
    </ClInclude>
    <ClInclude Include="Vector3D - 복사본.h">
      <Filter>소스 파일\Vector3D</Filter>
    </ClInclude>
    <ClInclude Include="PlayerState.h">
      <Filter>소스 파일\Player\PlayerState\Abstract</Filter>
    </ClInclude>
    <ClInclude Include="PlayerSkin.h">
      <Filter>소스 파일\Player\PlayerSkin\Abstract</Filter>
    </ClInclude>
    <ClInclude Include="Matrix.h">
      <Filter>헤더 파일</Filter>
    </ClInclude>
    <ClInclude Include="JumpProperty.h">
      <Filter>소스 파일\Player\Property</Filter>
    </ClInclude>
    <ClInclude Include="Dead.h">
      <Filter>소스 파일\Player\PlayerState\Dead</Filter>
    </ClInclude>
    <ClInclude Include="Fall.h">
      <Filter>소스 파일\Player\PlayerState\Fall</Filter>
    </ClInclude>
    <ClInclude Include="Waiting.h">
      <Filter>소스 파일\Player\PlayerState\Waiting</Filter>
    </ClInclude>
    <ClInclude Include="FrontJump.h">
      <Filter>소스 파일\Player\PlayerState\Jump</Filter>
    </ClInclude>
    <ClInclude Include="LeftJump.h">
      <Filter>소스 파일\Player\PlayerState\Jump</Filter>
    </ClInclude>
    <ClInclude Include="RightJump.h">
      <Filter>소스 파일\Player\PlayerState\Jump</Filter>
    </ClInclude>
    <ClInclude Include="Scene.h">
      <Filter>소스 파일\GLFramework\Scene\Abstract</Filter>
    </ClInclude>
    <ClInclude Include="Jump.h">
      <Filter>소스 파일\Player\PlayerState\Jump\Abstract</Filter>
    </ClInclude>
    <ClInclude Include="PlayerNotification.h">
      <Filter>소스 파일\Mediator</Filter>
    </ClInclude>
    <ClInclude Include="Basic.h">
      <Filter>소스 파일\Player\PlayerSkin\Basic</Filter>
    </ClInclude>
    <ClInclude Include="Devil.h">
      <Filter>소스 파일\Player\PlayerSkin\Devil</Filter>
    </ClInclude>
    <ClInclude Include="Engel.h">
      <Filter>소스 파일\Player\PlayerSkin\Engel</Filter>
    </ClInclude>
    <ClInclude Include="Robot.h">
      <Filter>소스 파일\Player\PlayerSkin\Robot</Filter>
    </ClInclude>
    <ClInclude Include="Spacesuit.h">
      <Filter>소스 파일\Player\PlayerSkin\Spacesuit</Filter>
    </ClInclude>
    <ClInclude Include="Suit.h">
      <Filter>소스 파일\Player\PlayerSkin\Suit</Filter>
    </ClInclude>
  </ItemGroup>
</Project>